
Microsoft Visual Studio Solution File, Format Version 12.00
# Visual Studio Version 17
VisualStudioVersion = 17.4.33205.214
MinimumVisualStudioVersion = 10.0.40219.1
Project("{9A19103F-16F7-4668-BE54-9A1E7A4F7556}") = "CKK.Logic", "CKK.Logic\CKK.Logic.csproj", "{ECD3DA05-BCD9-41BA-9C46-E6EDFBC7CB49}"
EndProject
Project("{9A19103F-16F7-4668-BE54-9A1E7A4F7556}") = "CKK.UI", "CKK.UI\CKK.UI.csproj", "{4E040A1F-0CD9-4E21-8250-76B436C5C47E}"
EndProject
Project("{FAE04EC0-301F-11D3-BF4B-00C04F79EFBC}") = "CKK.Persistance", "CKK.Per\CKK.Persistance.csproj", "{D4870CDE-F0C1-470E-B9A9-C30FB98A5C22}"
EndProject
Global
	GlobalSection(SolutionConfigurationPlatforms) = preSolution
		Debug|Any CPU = Debug|Any CPU
		Release|Any CPU = Release|Any CPU
	EndGlobalSection
	GlobalSection(ProjectConfigurationPlatforms) = postSolution
		{ECD3DA05-BCD9-41BA-9C46-E6EDFBC7CB49}.Debug|Any CPU.ActiveCfg = Debug|Any CPU
		{ECD3DA05-BCD9-41BA-9C46-E6EDFBC7CB49}.Debug|Any CPU.Build.0 = Debug|Any CPU
		{ECD3DA05-BCD9-41BA-9C46-E6EDFBC7CB49}.Release|Any CPU.ActiveCfg = Release|Any CPU
		{ECD3DA05-BCD9-41BA-9C46-E6EDFBC7CB49}.Release|Any CPU.Build.0 = Release|Any CPU
		{4E040A1F-0CD9-4E21-8250-76B436C5C47E}.Debug|Any CPU.ActiveCfg = Debug|Any CPU
		{4E040A1F-0CD9-4E21-8250-76B436C5C47E}.Debug|Any CPU.Build.0 = Debug|Any CPU
		{4E040A1F-0CD9-4E21-8250-76B436C5C47E}.Release|Any CPU.ActiveCfg = Release|Any CPU
		{4E040A1F-0CD9-4E21-8250-76B436C5C47E}.Release|Any CPU.Build.0 = Release|Any CPU
		{D4870CDE-F0C1-470E-B9A9-C30FB98A5C22}.Debug|Any CPU.ActiveCfg = Debug|Any CPU
		{D4870CDE-F0C1-470E-B9A9-C30FB98A5C22}.Debug|Any CPU.Build.0 = Debug|Any CPU
		{D4870CDE-F0C1-470E-B9A9-C30FB98A5C22}.Release|Any CPU.ActiveCfg = Release|Any CPU
		{D4870CDE-F0C1-470E-B9A9-C30FB98A5C22}.Release|Any CPU.Build.0 = Release|Any CPU
	EndGlobalSection
	GlobalSection(SolutionProperties) = preSolution
		HideSolutionNode = FALSE
	EndGlobalSection
	GlobalSection(ExtensibilityGlobals) = postSolution
		SolutionGuid = {5FCCFDC8-ABE9-4B2E-A521-53799F712D86}
	EndGlobalSection
EndGlobal
